<?xml version="1.0" encoding="UTF-8" standalone="yes" ?>
<CodeBlocks_project_file>
	<FileVersion major="1" minor="6" />
	<Project>
		<Option title="TestTmxLoader" />
		<Option pch_mode="2" />
		<Option compiler="gcc_codeblock" />
		<Option virtualFolders="tmx\;" />
		<Build>
			<Target title="Debug">
				<Option output="bin/Debug/TestTmxLoader" prefix_auto="1" extension_auto="1" />
				<Option object_output="obj/Debug/" />
				<Option type="1" />
				<Option compiler="gcc_codeblock" />
				<Compiler>
					<Add option="-std=c++11" />
					<Add option="-g" />
				</Compiler>
				<Linker>
					<Add library="sfml-graphics-d" />
					<Add library="sfml-window-d" />
					<Add library="sfml-system-d" />
					<Add library="tmx-loader-d" />
					<Add directory="../sfml-tmxloader-master/sfml-tmxloader-master/build/Debug" />
				</Linker>
			</Target>
			<Target title="Release">
				<Option output="bin/Release/TestTmxLoader" prefix_auto="1" extension_auto="1" />
				<Option object_output="obj/Release/" />
				<Option type="1" />
				<Option compiler="gcc_codeblock" />
				<Compiler>
					<Add option="-O2" />
					<Add option="-std=c++11" />
				</Compiler>
				<Linker>
					<Add option="-s" />
					<Add library="sfml-graphics" />
					<Add library="sfml-window" />
					<Add library="sfml-system" />
					<Add library="tmx-loader" />
					<Add directory="../sfml-tmxloader-master/sfml-tmxloader-master/build/Release" />
				</Linker>
			</Target>
		</Build>
		<Compiler>
			<Add option="-Wall" />
			<Add directory="../SFML-2.5.1-windows-gcc-5.1.0-tdm-32-bit/SFML-2.5.1/include" />
			<Add directory="../sfml-tmxloader-master/sfml-tmxloader-master/include" />
		</Compiler>
		<Linker>
			<Add directory="C:/Program Files (x86)/CodeBlocks/MinGW/bin" />
			<Add directory="../SFML-2.5.1-windows-gcc-5.1.0-tdm-32-bit/SFML-2.5.1/lib" />
			<Add directory="../divers/tinyxml2-master/tinyxml2-master/build" />
			<Add directory="../divers/zlib1211/zlib-1.2.11/build" />
		</Linker>
		<Unit filename="main.cpp" />
		<Unit filename="main.h" />
		<Unit filename="sfml-tmxloader/include/tmx/DebugShape.hpp">
			<Option virtualFolder="tmx/" />
		</Unit>
		<Unit filename="sfml-tmxloader/include/tmx/Export.hpp">
			<Option virtualFolder="tmx/" />
		</Unit>
		<Unit filename="sfml-tmxloader/include/tmx/Helpers.hpp">
			<Option virtualFolder="tmx/" />
		</Unit>
		<Unit filename="sfml-tmxloader/include/tmx/Log.hpp">
			<Option virtualFolder="tmx/" />
		</Unit>
		<Unit filename="sfml-tmxloader/include/tmx/MapLayer.hpp">
			<Option virtualFolder="tmx/" />
		</Unit>
		<Unit filename="sfml-tmxloader/include/tmx/MapLoader.hpp">
			<Option virtualFolder="tmx/" />
		</Unit>
		<Unit filename="sfml-tmxloader/include/tmx/MapObject.hpp">
			<Option virtualFolder="tmx/" />
		</Unit>
		<Unit filename="sfml-tmxloader/include/tmx/QuadTreeNode.hpp">
			<Option virtualFolder="tmx/" />
		</Unit>
		<Unit filename="sfml-tmxloader/include/tmx/tmx2box2d.hpp">
			<Option virtualFolder="tmx/" />
		</Unit>
		<Extensions>
			<code_completion />
			<envvars />
			<debugger />
			<lib_finder disable_auto="1" />
		</Extensions>
	</Project>
</CodeBlocks_project_file>
