<?xml version="1.0" encoding="UTF-8" standalone="yes" ?>
<CodeBlocks_project_file>
	<FileVersion major="1" minor="6" />
	<Project>
		<Option title="TestTmxLoaderAnimatedSprite" />
		<Option pch_mode="2" />
		<Option compiler="gcc" />
		<Option virtualFolders="tmx\;" />
		<MakeCommands>
			<Build command="" />
			<CompileFile command="" />
			<Clean command="" />
			<DistClean command="" />
			<AskRebuildNeeded command="" />
			<SilentBuild command=" &gt; $(CMD_NULL)" />
		</MakeCommands>
		<Build>
			<Target title="Debug">
				<Option output="bin/Debug/TestTmxLoaderAnimatedSprite" prefix_auto="1" extension_auto="1" />
				<Option object_output="obj/Debug/" />
				<Option type="1" />
				<Option compiler="gcc" />
				<Compiler>
					<Add option="-std=c++11" />
					<Add directory="../divers/SFML-2.5.1-windows-gcc-5.1.0-tdm-32-bit/SFML-2.5.1/include" />
					<Add directory="../divers/sfml-tmxloader-master/sfml-tmxloader-master/include" />
					<Add directory="CPlayer" />
					<Add directory="CGame" />
					<Add directory="CMap" />
					<Add directory="CView" />
					<Add directory="CInput" />
					<Add directory="CMonster" />
				</Compiler>
				<Linker>
					<Add library="sfml-graphics-d" />
					<Add library="sfml-window-d" />
					<Add library="sfml-system-d" />
					<Add library="tmx-loader-d" />
					<Add directory="../divers/SFML-2.5.1-windows-gcc-5.1.0-tdm-32-bit/SFML-2.5.1/lib" />
					<Add directory="../divers/sfml-tmxloader-master/sfml-tmxloader-master/build/Debug" />
				</Linker>
				<MakeCommands>
					<Build command="" />
					<CompileFile command="" />
					<Clean command="" />
					<DistClean command="" />
					<AskRebuildNeeded command="" />
					<SilentBuild command=" &gt; $(CMD_NULL)" />
				</MakeCommands>
			</Target>
			<Target title="Release">
				<Option output="bin/Release/TestTmxLoaderAnimatedSprite" prefix_auto="1" extension_auto="1" />
				<Option object_output="obj/Release/" />
				<Option type="1" />
				<Option compiler="gcc" />
				<Compiler>
					<Add option="-O2" />
					<Add option="-std=c++11" />
					<Add directory="../SFML-2.5.1-windows-gcc-5.1.0-tdm-32-bit/SFML-2.5.1/include" />
					<Add directory="../sfml-tmxloader-master/sfml-tmxloader-master/include" />
					<Add directory="CPlayer" />
					<Add directory="CGame" />
					<Add directory="CMap" />
					<Add directory="CView" />
					<Add directory="CInput" />
					<Add directory="CMonster" />
				</Compiler>
				<Linker>
					<Add option="-s" />
					<Add library="sfml-graphics" />
					<Add library="sfml-window" />
					<Add library="sfml-system" />
					<Add library="tmx-loader" />
					<Add directory="../SFML-2.5.1-windows-gcc-5.1.0-tdm-32-bit/SFML-2.5.1/lib" />
					<Add directory="../sfml-tmxloader-master/sfml-tmxloader-master/build/Release" />
				</Linker>
			</Target>
			<Target title="ReleaseBoulot">
				<Option output="bin/ReleaseBoulotBoulot/TestTmxLoaderAnimatedSprite" prefix_auto="1" extension_auto="1" />
				<Option object_output="obj/ReleaseBoulot/" />
				<Option type="1" />
				<Option compiler="gcc_codeblock" />
				<Compiler>
					<Add option="-O2" />
					<Add option="-std=c++11" />
					<Add directory="../SFML-2.5.1-windows-gcc-5.1.0-tdm-32-bit/SFML-2.5.1/include" />
					<Add directory="../sfml-tmxloader-master/sfml-tmxloader-master/include" />
					<Add directory="CPlayer" />
					<Add directory="CGame" />
					<Add directory="CMap" />
					<Add directory="CView" />
					<Add directory="CInput" />
					<Add directory="CMonster" />
				</Compiler>
				<Linker>
					<Add option="-s" />
					<Add library="sfml-graphics" />
					<Add library="sfml-window" />
					<Add library="sfml-system" />
					<Add library="tmx-loader" />
					<Add directory="../SFML-2.5.1-windows-gcc-5.1.0-tdm-32-bit/SFML-2.5.1/lib" />
					<Add directory="../sfml-tmxloader-master/sfml-tmxloader-master/build/Release" />
					<Add directory="C:/Program Files (x86)/CodeBlocks/MinGW/bin" />
				</Linker>
			</Target>
			<Target title="DebugBoulot">
				<Option output="bin/DebugBoulot/TestTmxLoaderAnimatedSprite" prefix_auto="1" extension_auto="1" />
				<Option object_output="obj/DebugBoulot/" />
				<Option type="1" />
				<Option compiler="gcc_codeblock" />
				<Compiler>
					<Add option="-std=c++11" />
					<Add option="-g" />
					<Add directory="../SFML-2.5.1-windows-gcc-5.1.0-tdm-32-bit/SFML-2.5.1/include" />
					<Add directory="../sfml-tmxloader-master/sfml-tmxloader-master/include" />
					<Add directory="CPlayer" />
					<Add directory="CGame" />
					<Add directory="CMap" />
					<Add directory="CView" />
					<Add directory="CInput" />
					<Add directory="CMonster" />
				</Compiler>
				<Linker>
					<Add library="sfml-graphics-d" />
					<Add library="sfml-window-d" />
					<Add library="sfml-system-d" />
					<Add library="tmx-loader-d" />
					<Add directory="../SFML-2.5.1-windows-gcc-5.1.0-tdm-32-bit/SFML-2.5.1/lib" />
					<Add directory="../sfml-tmxloader-master/sfml-tmxloader-master/build/Debug" />
					<Add directory="C:/Program Files (x86)/CodeBlocks/MinGW/bin" />
				</Linker>
				<MakeCommands>
					<Build command="" />
					<CompileFile command="" />
					<Clean command="" />
					<DistClean command="" />
					<AskRebuildNeeded command="" />
					<SilentBuild command=" &gt; $(CMD_NULL)" />
				</MakeCommands>
			</Target>
		</Build>
		<Unit filename="AnimatedSprite/AnimatedSprite.cpp" />
		<Unit filename="AnimatedSprite/AnimatedSprite.h" />
		<Unit filename="AnimatedSprite/Animation.cpp" />
		<Unit filename="AnimatedSprite/Animation.h" />
		<Unit filename="CGame/Game.cpp" />
		<Unit filename="CGame/Game.h" />
		<Unit filename="CMap/Map.cpp" />
		<Unit filename="CMap/Map.h" />
		<Unit filename="CMap/WarpData.cpp" />
		<Unit filename="CMap/WarpData.h" />
		<Unit filename="CMonster/Monster.cpp" />
		<Unit filename="CMonster/Monster.h" />
		<Unit filename="CPlayer/Player.cpp" />
		<Unit filename="CPlayer/Player.h" />
		<Unit filename="CPlayer/TexteUp.cpp" />
		<Unit filename="CPlayer/TexteUp.h" />
		<Unit filename="CView/View.h" />
		<Unit filename="main.cpp" />
		<Unit filename="main.h" />
		<Unit filename="sfml-tmxloader/include/tmx/DebugShape.hpp">
			<Option virtualFolder="tmx/" />
		</Unit>
		<Unit filename="sfml-tmxloader/include/tmx/Export.hpp">
			<Option virtualFolder="tmx/" />
		</Unit>
		<Unit filename="sfml-tmxloader/include/tmx/Helpers.hpp">
			<Option virtualFolder="tmx/" />
		</Unit>
		<Unit filename="sfml-tmxloader/include/tmx/Log.hpp">
			<Option virtualFolder="tmx/" />
		</Unit>
		<Unit filename="sfml-tmxloader/include/tmx/MapLayer.hpp">
			<Option virtualFolder="tmx/" />
		</Unit>
		<Unit filename="sfml-tmxloader/include/tmx/MapLoader.hpp">
			<Option virtualFolder="tmx/" />
		</Unit>
		<Unit filename="sfml-tmxloader/include/tmx/MapObject.hpp">
			<Option virtualFolder="tmx/" />
		</Unit>
		<Unit filename="sfml-tmxloader/include/tmx/QuadTreeNode.hpp">
			<Option virtualFolder="tmx/" />
		</Unit>
		<Unit filename="sfml-tmxloader/include/tmx/tmx2box2d.hpp">
			<Option virtualFolder="tmx/" />
		</Unit>
		<Extensions>
			<code_completion>
				<search_path add="..\divers\SFML-2.5.1-windows-gcc-5.1.0-tdm-32-bit\SFML-2.5.1\include" />
				<search_path add="..\divers\sfml-tmxloader-master\sfml-tmxloader-master\include" />
				<search_path add="sfml-tmxloader\include" />
			</code_completion>
			<envvars />
			<debugger />
			<lib_finder disable_auto="1" />
		</Extensions>
	</Project>
</CodeBlocks_project_file>
